
Microsoft Visual Studio Solution File, Format Version 12.00
# Visual Studio Version 16
VisualStudioVersion = 16.0.30011.22
MinimumVisualStudioVersion = 10.0.40219.1
Project("{9A19103F-16F7-4668-BE54-9A1E7A4F7556}") = "SurfSpotsAPI", "SurfSpotsAPI\SurfSpotsAPI.csproj", "{6F232C2F-F67C-4405-82F6-9F0A31F81C01}"
EndProject
Project("{FAE04EC0-301F-11D3-BF4B-00C04F79EFBC}") = "SurfSpots.Persistence", "SurfSpots.Persistence\SurfSpots.Persistence.csproj", "{865D72A9-F2F3-409D-BA23-8BAE1F50C1F3}"
EndProject
Global
	GlobalSection(SolutionConfigurationPlatforms) = preSolution
		Debug|Any CPU = Debug|Any CPU
		Release|Any CPU = Release|Any CPU
	EndGlobalSection
	GlobalSection(ProjectConfigurationPlatforms) = postSolution
		{6F232C2F-F67C-4405-82F6-9F0A31F81C01}.Debug|Any CPU.ActiveCfg = Debug|Any CPU
		{6F232C2F-F67C-4405-82F6-9F0A31F81C01}.Debug|Any CPU.Build.0 = Debug|Any CPU
		{6F232C2F-F67C-4405-82F6-9F0A31F81C01}.Release|Any CPU.ActiveCfg = Release|Any CPU
		{6F232C2F-F67C-4405-82F6-9F0A31F81C01}.Release|Any CPU.Build.0 = Release|Any CPU
		{865D72A9-F2F3-409D-BA23-8BAE1F50C1F3}.Debug|Any CPU.ActiveCfg = Debug|Any CPU
		{865D72A9-F2F3-409D-BA23-8BAE1F50C1F3}.Debug|Any CPU.Build.0 = Debug|Any CPU
		{865D72A9-F2F3-409D-BA23-8BAE1F50C1F3}.Release|Any CPU.ActiveCfg = Release|Any CPU
		{865D72A9-F2F3-409D-BA23-8BAE1F50C1F3}.Release|Any CPU.Build.0 = Release|Any CPU
	EndGlobalSection
	GlobalSection(SolutionProperties) = preSolution
		HideSolutionNode = FALSE
	EndGlobalSection
	GlobalSection(ExtensibilityGlobals) = postSolution
		SolutionGuid = {F3F04DF0-0421-401F-9EC0-217F8BBAC977}
	EndGlobalSection
EndGlobal
